
Microsoft Visual Studio Solution File, Format Version 12.00
# Visual Studio Version 17
VisualStudioVersion = 17.1.31911.260
MinimumVisualStudioVersion = 10.0.40219.1
Project("{FAE04EC0-301F-11D3-BF4B-00C04F79EFBC}") = "Person.Detection.Api", "Person.Detection.Api\Person.Detection.Api.csproj", "{EE371DA8-6555-4371-BAF4-BB8B52E9DB5F}"
EndProject
Global
	GlobalSection(SolutionConfigurationPlatforms) = preSolution
		Debug|Any CPU = Debug|Any CPU
		Release|Any CPU = Release|Any CPU
	EndGlobalSection
	GlobalSection(ProjectConfigurationPlatforms) = postSolution
		{EE371DA8-6555-4371-BAF4-BB8B52E9DB5F}.Debug|Any CPU.ActiveCfg = Debug|Any CPU
		{EE371DA8-6555-4371-BAF4-BB8B52E9DB5F}.Debug|Any CPU.Build.0 = Debug|Any CPU
		{EE371DA8-6555-4371-BAF4-BB8B52E9DB5F}.Release|Any CPU.ActiveCfg = Release|Any CPU
		{EE371DA8-6555-4371-BAF4-BB8B52E9DB5F}.Release|Any CPU.Build.0 = Release|Any CPU
	EndGlobalSection
	GlobalSection(SolutionProperties) = preSolution
		HideSolutionNode = FALSE
	EndGlobalSection
	GlobalSection(ExtensibilityGlobals) = postSolution
		SolutionGuid = {159724AB-C2EF-403F-9FD9-149D009D2174}
	EndGlobalSection
EndGlobal
